
Microsoft Visual Studio Solution File, Format Version 12.00
# Visual Studio 15
VisualStudioVersion = 15.0.28010.2046
MinimumVisualStudioVersion = 10.0.40219.1
Project("{FAE04EC0-301F-11D3-BF4B-00C04F79EFBC}") = "квадратное уравнение", "квадратное уравнение\квадратное уравнение.csproj", "{BFB5987F-33E5-43F1-B746-A148F40D1E76}"
EndProject
Global
	GlobalSection(SolutionConfigurationPlatforms) = preSolution
		Debug|Any CPU = Debug|Any CPU
		Release|Any CPU = Release|Any CPU
	EndGlobalSection
	GlobalSection(ProjectConfigurationPlatforms) = postSolution
		{BFB5987F-33E5-43F1-B746-A148F40D1E76}.Debug|Any CPU.ActiveCfg = Debug|Any CPU
		{BFB5987F-33E5-43F1-B746-A148F40D1E76}.Debug|Any CPU.Build.0 = Debug|Any CPU
		{BFB5987F-33E5-43F1-B746-A148F40D1E76}.Release|Any CPU.ActiveCfg = Release|Any CPU
		{BFB5987F-33E5-43F1-B746-A148F40D1E76}.Release|Any CPU.Build.0 = Release|Any CPU
	EndGlobalSection
	GlobalSection(SolutionProperties) = preSolution
		HideSolutionNode = FALSE
	EndGlobalSection
	GlobalSection(ExtensibilityGlobals) = postSolution
		SolutionGuid = {F5D4A5C9-7CA2-426E-9068-C5652953FDE2}
	EndGlobalSection
EndGlobal
