
Microsoft Visual Studio Solution File, Format Version 12.00
# Visual Studio 15
VisualStudioVersion = 15.0.27428.2011
MinimumVisualStudioVersion = 10.0.40219.1
Project("{FAE04EC0-301F-11D3-BF4B-00C04F79EFBC}") = "WindowsFormsApp1", "WindowsFormsApp1\WindowsFormsApp1.csproj", "{8AB53ADA-B850-473A-AC67-C6E27A3F1D7B}"
EndProject
Global
	GlobalSection(SolutionConfigurationPlatforms) = preSolution
		Debug|Any CPU = Debug|Any CPU
		Release|Any CPU = Release|Any CPU
	EndGlobalSection
	GlobalSection(ProjectConfigurationPlatforms) = postSolution
		{8AB53ADA-B850-473A-AC67-C6E27A3F1D7B}.Debug|Any CPU.ActiveCfg = Debug|Any CPU
		{8AB53ADA-B850-473A-AC67-C6E27A3F1D7B}.Debug|Any CPU.Build.0 = Debug|Any CPU
		{8AB53ADA-B850-473A-AC67-C6E27A3F1D7B}.Release|Any CPU.ActiveCfg = Release|Any CPU
		{8AB53ADA-B850-473A-AC67-C6E27A3F1D7B}.Release|Any CPU.Build.0 = Release|Any CPU
	EndGlobalSection
	GlobalSection(SolutionProperties) = preSolution
		HideSolutionNode = FALSE
	EndGlobalSection
	GlobalSection(ExtensibilityGlobals) = postSolution
		SolutionGuid = {3D3C2FF3-955C-4979-89B6-7E9E3DA69364}
	EndGlobalSection
EndGlobal
